// !$*UTF8*$!
{
	archiveVersion = 1;
	classes = {
	};
	objectVersion = 46;
	objects = {

/* Begin PBXBuildFile section */
		1791755B1AAB9BA40035A76B /* main.m in Sources */ = {isa = PBXBuildFile; fileRef = 1791755A1AAB9BA40035A76B /* main.m */; };
		1791755E1AAB9BA40035A76B /* AppDelegate.m in Sources */ = {isa = PBXBuildFile; fileRef = 1791755D1AAB9BA40035A76B /* AppDelegate.m */; };
		179175611AAB9BA40035A76B /* ViewController.m in Sources */ = {isa = PBXBuildFile; fileRef = 179175601AAB9BA40035A76B /* ViewController.m */; };
		179175641AAB9BA40035A76B /* Main.storyboard in Resources */ = {isa = PBXBuildFile; fileRef = 179175621AAB9BA40035A76B /* Main.storyboard */; };
		179175661AAB9BA40035A76B /* Images.xcassets in Resources */ = {isa = PBXBuildFile; fileRef = 179175651AAB9BA40035A76B /* Images.xcassets */; };
		179175691AAB9BA40035A76B /* LaunchScreen.xib in Resources */ = {isa = PBXBuildFile; fileRef = 179175671AAB9BA40035A76B /* LaunchScreen.xib */; };
		179175751AAB9BA40035A76B /* bzzzTests.m in Sources */ = {isa = PBXBuildFile; fileRef = 179175741AAB9BA40035A76B /* bzzzTests.m */; };
/* End PBXBuildFile section */

/* Begin PBXContainerItemProxy section */
		1791756F1AAB9BA40035A76B /* PBXContainerItemProxy */ = {
			isa = PBXContainerItemProxy;
			containerPortal = 1791754D1AAB9BA40035A76B /* Project object */;
			proxyType = 1;
			remoteGlobalIDString = 179175541AAB9BA40035A76B;
			remoteInfo = bzzz;
		};
/* End PBXContainerItemProxy section */

/* Begin PBXFileReference section */
		179175551AAB9BA40035A76B /* bzzz.app */ = {isa = PBXFileReference; explicitFileType = wrapper.application; includeInIndex = 0; path = bzzz.app; sourceTree = BUILT_PRODUCTS_DIR; };
		179175591AAB9BA40035A76B /* Info.plist */ = {isa = PBXFileReference; lastKnownFileType = text.plist.xml; path = Info.plist; sourceTree = "<group>"; };
		1791755A1AAB9BA40035A76B /* main.m */ = {isa = PBXFileReference; lastKnownFileType = sourcecode.c.objc; path = main.m; sourceTree = "<group>"; };
		1791755C1AAB9BA40035A76B /* AppDelegate.h */ = {isa = PBXFileReference; lastKnownFileType = sourcecode.c.h; path = AppDelegate.h; sourceTree = "<group>"; };
		1791755D1AAB9BA40035A76B /* AppDelegate.m */ = {isa = PBXFileReference; lastKnownFileType = sourcecode.c.objc; path = AppDelegate.m; sourceTree = "<group>"; };
		1791755F1AAB9BA40035A76B /* ViewController.h */ = {isa = PBXFileReference; lastKnownFileType = sourcecode.c.h; path = ViewController.h; sourceTree = "<group>"; };
		179175601AAB9BA40035A76B /* ViewController.m */ = {isa = PBXFileReference; lastKnownFileType = sourcecode.c.objc; path = ViewController.m; sourceTree = "<group>"; };
		179175631AAB9BA40035A76B /* Base */ = {isa = PBXFileReference; lastKnownFileType = file.storyboard; name = Base; path = Base.lproj/Main.storyboard; sourceTree = "<group>"; };
		179175651AAB9BA40035A76B /* Images.xcassets */ = {isa = PBXFileReference; lastKnownFileType = folder.assetcatalog; path = Images.xcassets; sourceTree = "<group>"; };
		179175681AAB9BA40035A76B /* Base */ = {isa = PBXFileReference; lastKnownFileType = file.xib; name = Base; path = Base.lproj/LaunchScreen.xib; sourceTree = "<group>"; };
		1791756E1AAB9BA40035A76B /* bzzzTests.xctest */ = {isa = PBXFileReference; explicitFileType = wrapper.cfbundle; includeInIndex = 0; path = bzzzTests.xctest; sourceTree = BUILT_PRODUCTS_DIR; };
		179175731AAB9BA40035A76B /* Info.plist */ = {isa = PBXFileReference; lastKnownFileType = text.plist.xml; path = Info.plist; sourceTree = "<group>"; };
		179175741AAB9BA40035A76B /* bzzzTests.m */ = {isa = PBXFileReference; lastKnownFileType = sourcecode.c.objc; path = bzzzTests.m; sourceTree = "<group>"; };
/* End PBXFileReference section */

/* Begin PBXFrameworksBuildPhase section */
		179175521AAB9BA40035A76B /* Frameworks */ = {
			isa = PBXFrameworksBuildPhase;
			buildActionMask = 2147483647;
			files = (
			);
			runOnlyForDeploymentPostprocessing = 0;
		};
		1791756B1AAB9BA40035A76B /* Frameworks */ = {
			isa = PBXFrameworksBuildPhase;
			buildActionMask = 2147483647;
			files = (
			);
			runOnlyForDeploymentPostprocessing = 0;
		};
/* End PBXFrameworksBuildPhase section */

/* Begin PBXGroup section */
		1791754C1AAB9BA40035A76B = {
			isa = PBXGroup;
			children = (
				179175571AAB9BA40035A76B /* bzzz */,
				179175711AAB9BA40035A76B /* bzzzTests */,
				179175561AAB9BA40035A76B /* Products */,
			);
			sourceTree = "<group>";
		};
		179175561AAB9BA40035A76B /* Products */ = {
			isa = PBXGroup;
			children = (
				179175551AAB9BA40035A76B /* bzzz.app */,
				1791756E1AAB9BA40035A76B /* bzzzTests.xctest */,
			);
			name = Products;
			sourceTree = "<group>";
		};
		179175571AAB9BA40035A76B /* bzzz */ = {
			isa = PBXGroup;
			children = (
				1791755C1AAB9BA40035A76B /* AppDelegate.h */,
				1791755D1AAB9BA40035A76B /* AppDelegate.m */,
				1791755F1AAB9BA40035A76B /* ViewController.h */,
				179175601AAB9BA40035A76B /* ViewController.m */,
				179175621AAB9BA40035A76B /* Main.storyboard */,
				179175651AAB9BA40035A76B /* Images.xcassets */,
				179175671AAB9BA40035A76B /* LaunchScreen.xib */,
				179175581AAB9BA40035A76B /* Supporting Files */,
			);
			path = bzzz;
			sourceTree = "<group>";
		};
		179175581AAB9BA40035A76B /* Supporting Files */ = {
			isa = PBXGroup;
			children = (
				179175591AAB9BA40035A76B /* Info.plist */,
				1791755A1AAB9BA40035A76B /* main.m */,
			);
			name = "Supporting Files";
			sourceTree = "<group>";
		};
		179175711AAB9BA40035A76B /* bzzzTests */ = {
			isa = PBXGroup;
			children = (
				179175741AAB9BA40035A76B /* bzzzTests.m */,
				179175721AAB9BA40035A76B /* Supporting Files */,
			);
			path = bzzzTests;
			sourceTree = "<group>";
		};
		179175721AAB9BA40035A76B /* Supporting Files */ = {
			isa = PBXGroup;
			children = (
				179175731AAB9BA40035A76B /* Info.plist */,
			);
			name = "Supporting Files";
			sourceTree = "<group>";
		};
/* End PBXGroup section */

/* Begin PBXNativeTarget section */
		179175541AAB9BA40035A76B /* bzzz */ = {
			isa = PBXNativeTarget;
			buildConfigurationList = 179175781AAB9BA40035A76B /* Build configuration list for PBXNativeTarget "bzzz" */;
			buildPhases = (
				179175511AAB9BA40035A76B /* Sources */,
				179175521AAB9BA40035A76B /* Frameworks */,
				179175531AAB9BA40035A76B /* Resources */,
			);
			buildRules = (
			);
			dependencies = (
			);
			name = bzzz;
			productName = bzzz;
			productReference = 179175551AAB9BA40035A76B /* bzzz.app */;
			productType = "com.apple.product-type.application";
		};
		1791756D1AAB9BA40035A76B /* bzzzTests */ = {
			isa = PBXNativeTarget;
			buildConfigurationList = 1791757B1AAB9BA40035A76B /* Build configuration list for PBXNativeTarget "bzzzTests" */;
			buildPhases = (
				1791756A1AAB9BA40035A76B /* Sources */,
				1791756B1AAB9BA40035A76B /* Frameworks */,
				1791756C1AAB9BA40035A76B /* Resources */,
			);
			buildRules = (
			);
			dependencies = (
				179175701AAB9BA40035A76B /* PBXTargetDependency */,
			);
			name = bzzzTests;
			productName = bzzzTests;
			productReference = 1791756E1AAB9BA40035A76B /* bzzzTests.xctest */;
			productType = "com.apple.product-type.bundle.unit-test";
		};
/* End PBXNativeTarget section */

/* Begin PBXProject section */
		1791754D1AAB9BA40035A76B /* Project object */ = {
			isa = PBXProject;
			attributes = {
				LastUpgradeCheck = 0610;
				ORGANIZATIONNAME = "Two Beards and Fro";
				TargetAttributes = {
					179175541AAB9BA40035A76B = {
						CreatedOnToolsVersion = 6.1.1;
					};
					1791756D1AAB9BA40035A76B = {
						CreatedOnToolsVersion = 6.1.1;
						TestTargetID = 179175541AAB9BA40035A76B;
					};
				};
			};
			buildConfigurationList = 179175501AAB9BA40035A76B /* Build configuration list for PBXProject "bzzz" */;
			compatibilityVersion = "Xcode 3.2";
			developmentRegion = English;
			hasScannedForEncodings = 0;
			knownRegions = (
				en,
				Base,
			);
			mainGroup = 1791754C1AAB9BA40035A76B;
			productRefGroup = 179175561AAB9BA40035A76B /* Products */;
			projectDirPath = "";
			projectRoot = "";
			targets = (
				179175541AAB9BA40035A76B /* bzzz */,
				1791756D1AAB9BA40035A76B /* bzzzTests */,
			);
		};
/* End PBXProject section */

/* Begin PBXResourcesBuildPhase section */
		179175531AAB9BA40035A76B /* Resources */ = {
			isa = PBXResourcesBuildPhase;
			buildActionMask = 2147483647;
			files = (
				179175641AAB9BA40035A76B /* Main.storyboard in Resources */,
				179175691AAB9BA40035A76B /* LaunchScreen.xib in Resources */,
				179175661AAB9BA40035A76B /* Images.xcassets in Resources */,
			);
			runOnlyForDeploymentPostprocessing = 0;
		};
		1791756C1AAB9BA40035A76B /* Resources */ = {
			isa = PBXResourcesBuildPhase;
			buildActionMask = 2147483647;
			files = (
			);
			runOnlyForDeploymentPostprocessing = 0;
		};
/* End PBXResourcesBuildPhase section */

/* Begin PBXSourcesBuildPhase section */
		179175511AAB9BA40035A76B /* Sources */ = {
			isa = PBXSourcesBuildPhase;
			buildActionMask = 2147483647;
			files = (
				179175611AAB9BA40035A76B /* ViewController.m in Sources */,
				1791755E1AAB9BA40035A76B /* AppDelegate.m in Sources */,
				1791755B1AAB9BA40035A76B /* main.m in Sources */,
			);
			runOnlyForDeploymentPostprocessing = 0;
		};
		1791756A1AAB9BA40035A76B /* Sources */ = {
			isa = PBXSourcesBuildPhase;
			buildActionMask = 2147483647;
			files = (
				179175751AAB9BA40035A76B /* bzzzTests.m in Sources */,
			);
			runOnlyForDeploymentPostprocessing = 0;
		};
/* End PBXSourcesBuildPhase section */

/* Begin PBXTargetDependency section */
		179175701AAB9BA40035A76B /* PBXTargetDependency */ = {
			isa = PBXTargetDependency;
			target = 179175541AAB9BA40035A76B /* bzzz */;
			targetProxy = 1791756F1AAB9BA40035A76B /* PBXContainerItemProxy */;
		};
/* End PBXTargetDependency section */

/* Begin PBXVariantGroup section */
		179175621AAB9BA40035A76B /* Main.storyboard */ = {
			isa = PBXVariantGroup;
			children = (
				179175631AAB9BA40035A76B /* Base */,
			);
			name = Main.storyboard;
			sourceTree = "<group>";
		};
		179175671AAB9BA40035A76B /* LaunchScreen.xib */ = {
			isa = PBXVariantGroup;
			children = (
				179175681AAB9BA40035A76B /* Base */,
			);
			name = LaunchScreen.xib;
			sourceTree = "<group>";
		};
/* End PBXVariantGroup section */

/* Begin XCBuildConfiguration section */
		179175761AAB9BA40035A76B /* Debug */ = {
			isa = XCBuildConfiguration;
			buildSettings = {
				ALWAYS_SEARCH_USER_PATHS = NO;
				CLANG_CXX_LANGUAGE_STANDARD = "gnu++0x";
				CLANG_CXX_LIBRARY = "libc++";
				CLANG_ENABLE_MODULES = YES;
				CLANG_ENABLE_OBJC_ARC = YES;
				CLANG_WARN_BOOL_CONVERSION = YES;
				CLANG_WARN_CONSTANT_CONVERSION = YES;
				CLANG_WARN_DIRECT_OBJC_ISA_USAGE = YES_ERROR;
				CLANG_WARN_EMPTY_BODY = YES;
				CLANG_WARN_ENUM_CONVERSION = YES;
				CLANG_WARN_INT_CONVERSION = YES;
				CLANG_WARN_OBJC_ROOT_CLASS = YES_ERROR;
				CLANG_WARN_UNREACHABLE_CODE = YES;
				CLANG_WARN__DUPLICATE_METHOD_MATCH = YES;
				"CODE_SIGN_IDENTITY[sdk=iphoneos*]" = "iPhone Developer";
				COPY_PHASE_STRIP = NO;
				ENABLE_STRICT_OBJC_MSGSEND = YES;
				GCC_C_LANGUAGE_STANDARD = gnu99;
				GCC_DYNAMIC_NO_PIC = NO;
				GCC_OPTIMIZATION_LEVEL = 0;
				GCC_PREPROCESSOR_DEFINITIONS = (
					"DEBUG=1",
					"$(inherited)",
				);
				GCC_SYMBOLS_PRIVATE_EXTERN = NO;
				GCC_WARN_64_TO_32_BIT_CONVERSION = YES;
				GCC_WARN_ABOUT_RETURN_TYPE = YES_ERROR;
				GCC_WARN_UNDECLARED_SELECTOR = YES;
				GCC_WARN_UNINITIALIZED_AUTOS = YES_AGGRESSIVE;
				GCC_WARN_UNUSED_FUNCTION = YES;
				GCC_WARN_UNUSED_VARIABLE = YES;
				IPHONEOS_DEPLOYMENT_TARGET = 8.1;
				MTL_ENABLE_DEBUG_INFO = YES;
				ONLY_ACTIVE_ARCH = YES;
				SDKROOT = iphoneos;
			};
			name = Debug;
		};
		179175771AAB9BA40035A76B /* Release */ = {
			isa = XCBuildConfiguration;
			buildSettings = {
				ALWAYS_SEARCH_USER_PATHS = NO;
				CLANG_CXX_LANGUAGE_STANDARD = "gnu++0x";
				CLANG_CXX_LIBRARY = "libc++";
				CLANG_ENABLE_MODULES = YES;
				CLANG_ENABLE_OBJC_ARC = YES;
				CLANG_WARN_BOOL_CONVERSION = YES;
				CLANG_WARN_CONSTANT_CONVERSION = YES;
				CLANG_WARN_DIRECT_OBJC_ISA_USAGE = YES_ERROR;
				CLANG_WARN_EMPTY_BODY = YES;
				CLANG_WARN_ENUM_CONVERSION = YES;
				CLANG_WARN_INT_CONVERSION = YES;
				CLANG_WARN_OBJC_ROOT_CLASS = YES_ERROR;
				CLANG_WARN_UNREACHABLE_CODE = YES;
				CLANG_WARN__DUPLICATE_METHOD_MATCH = YES;
				"CODE_SIGN_IDENTITY[sdk=iphoneos*]" = "iPhone Developer";
				COPY_PHASE_STRIP = YES;
				ENABLE_NS_ASSERTIONS = NO;
				ENABLE_STRICT_OBJC_MSGSEND = YES;
				GCC_C_LANGUAGE_STANDARD = gnu99;
				GCC_WARN_64_TO_32_BIT_CONVERSION = YES;
				GCC_WARN_ABOUT_RETURN_TYPE = YES_ERROR;
				GCC_WARN_UNDECLARED_SELECTOR = YES;
				GCC_WARN_UNINITIALIZED_AUTOS = YES_AGGRESSIVE;
				GCC_WARN_UNUSED_FUNCTION = YES;
				GCC_WARN_UNUSED_VARIABLE = YES;
				IPHONEOS_DEPLOYMENT_TARGET = 8.1;
				MTL_ENABLE_DEBUG_INFO = NO;
				SDKROOT = iphoneos;
				VALIDATE_PRODUCT = YES;
			};
			name = Release;
		};
		179175791AAB9BA40035A76B /* Debug */ = {
			isa = XCBuildConfiguration;
			buildSettings = {
				ASSETCATALOG_COMPILER_APPICON_NAME = AppIcon;
				INFOPLIST_FILE = bzzz/Info.plist;
				LD_RUNPATH_SEARCH_PATHS = "$(inherited) @executable_path/Frameworks";
				PRODUCT_NAME = "$(TARGET_NAME)";
			};
			name = Debug;
		};
		1791757A1AAB9BA40035A76B /* Release */ = {
			isa = XCBuildConfiguration;
			buildSettings = {
				ASSETCATALOG_COMPILER_APPICON_NAME = AppIcon;
				INFOPLIST_FILE = bzzz/Info.plist;
				LD_RUNPATH_SEARCH_PATHS = "$(inherited) @executable_path/Frameworks";
				PRODUCT_NAME = "$(TARGET_NAME)";
			};
			name = Release;
		};
		1791757C1AAB9BA40035A76B /* Debug */ = {
			isa = XCBuildConfiguration;
			buildSettings = {
				BUNDLE_LOADER = "$(TEST_HOST)";
				FRAMEWORK_SEARCH_PATHS = (
					"$(SDKROOT)/Developer/Library/Frameworks",
					"$(inherited)",
				);
				GCC_PREPROCESSOR_DEFINITIONS = (
					"DEBUG=1",
					"$(inherited)",
				);
				INFOPLIST_FILE = bzzzTests/Info.plist;
				LD_RUNPATH_SEARCH_PATHS = "$(inherited) @executable_path/Frameworks @loader_path/Frameworks";
				PRODUCT_NAME = "$(TARGET_NAME)";
				TEST_HOST = "$(BUILT_PRODUCTS_DIR)/bzzz.app/bzzz";
			};
			name = Debug;
		};
		1791757D1AAB9BA40035A76B /* Release */ = {
			isa = XCBuildConfiguration;
			buildSettings = {
				BUNDLE_LOADER = "$(TEST_HOST)";
				FRAMEWORK_SEARCH_PATHS = (
					"$(SDKROOT)/Developer/Library/Frameworks",
					"$(inherited)",
				);
				INFOPLIST_FILE = bzzzTests/Info.plist;
				LD_RUNPATH_SEARCH_PATHS = "$(inherited) @executable_path/Frameworks @loader_path/Frameworks";
				PRODUCT_NAME = "$(TARGET_NAME)";
				TEST_HOST = "$(BUILT_PRODUCTS_DIR)/bzzz.app/bzzz";
			};
			name = Release;
		};
/* End XCBuildConfiguration section */

/* Begin XCConfigurationList section */
		179175501AAB9BA40035A76B /* Build configuration list for PBXProject "bzzz" */ = {
			isa = XCConfigurationList;
			buildConfigurations = (
				179175761AAB9BA40035A76B /* Debug */,
				179175771AAB9BA40035A76B /* Release */,
			);
			defaultConfigurationIsVisible = 0;
			defaultConfigurationName = Release;
		};
		179175781AAB9BA40035A76B /* Build configuration list for PBXNativeTarget "bzzz" */ = {
			isa = XCConfigurationList;
			buildConfigurations = (
				179175791AAB9BA40035A76B /* Debug */,
				1791757A1AAB9BA40035A76B /* Release */,
			);
			defaultConfigurationIsVisible = 0;
			defaultConfigurationName = Release;
		};
		1791757B1AAB9BA40035A76B /* Build configuration list for PBXNativeTarget "bzzzTests" */ = {
			isa = XCConfigurationList;
			buildConfigurations = (
				1791757C1AAB9BA40035A76B /* Debug */,
				1791757D1AAB9BA40035A76B /* Release */,
			);
			defaultConfigurationIsVisible = 0;
			defaultConfigurationName = Release;
		};
/* End XCConfigurationList section */
	};
	rootObject = 1791754D1AAB9BA40035A76B /* Project object */;
}
